{
	"name": "converter",
	"version": "1.0.0",
	"lockfileVersion": 1,
	"requires": true,
	"dependencies": {
		"@device.farm/si-application-events": {
			"version": "1.0.0",
			"resolved": "https://registry.npmjs.org/@device.farm/si-application-events/-/si-application-events-1.0.0.tgz",
			"integrity": "sha512-K4ZsXKwpQSef5eTWTsOo/ikWmr4Bjx7wN68+aESRxXPggEgDpIcvMIZlNDqqtm6+CbWGliTbKt6r6jz61mszsw=="
		},
		"@device.farm/si-generic-timer": {
			"version": "1.0.1",
			"resolved": "https://registry.npmjs.org/@device.farm/si-generic-timer/-/si-generic-timer-1.0.1.tgz",
			"integrity": "sha512-rXB1L37/P04OVaRD5TH5dDNIKOP3K/mO2KGrrOlq33sFirJMwQuozAXVrJg0TMKr51a3K7m3SJdLpnrG6NHmMQ==",
			"requires": {
				"@device.farm/si-application-events": "1.0.0"
			}
		},
		"@device.farm/si-stm32-i2c": {
			"version": "1.0.5",
			"resolved": "https://registry.npmjs.org/@device.farm/si-stm32-i2c/-/si-stm32-i2c-1.0.5.tgz",
			"integrity": "sha512-Y/4ZSpvKo+Bb+yaI0CdFpAcHtWAknjpj2p3B6t7VtcDHN7Glz23akah20tOaXGEO1QBT7ttRSIm1Ay1tTUlR0w==",
			"requires": {
				"@device.farm/si-application-events": "1.0.0"
			}
		},
		"@device.farm/si-stm32-timer": {
			"version": "1.0.5",
			"resolved": "https://registry.npmjs.org/@device.farm/si-stm32-timer/-/si-stm32-timer-1.0.5.tgz",
			"integrity": "sha512-Slmz0TGDRiKVTc/u9BN/EtCjfFdK+F8XqE4Kev0BF07gpDIMtP8sLhXlfVmYUwHoLZKbusldxWx0JOI7SVevPg==",
			"requires": {
				"@device.farm/si-generic-timer": "1.0.1"
			}
		},
		"@device.farm/si-stm32-usbd": {
			"version": "1.0.1",
			"resolved": "https://registry.npmjs.org/@device.farm/si-stm32-usbd/-/si-stm32-usbd-1.0.1.tgz",
			"integrity": "sha512-KPXUnbA/SdZD2qnFCdXTt9zR7FfFkF6wBXtzlLyLnF4Dk1lp+S/LgWse3jObnIb+a6LOJXwMhDNxdDqUb6JnSQ=="
		},
		"@device.farm/si-stm32f0x2": {
			"version": "1.0.1",
			"resolved": "https://registry.npmjs.org/@device.farm/si-stm32f0x2/-/si-stm32f0x2-1.0.1.tgz",
			"integrity": "sha512-jF3GNiD1vk8GTDLDfCBxIMqOFeyJirauMmrm/aC8byYhrLZR1Wm1+hiTVYWC4RhI79tSYMDTILimpRVQmROifg=="
		}
	}
}
