{
  "name": "atsamd11c14a-usbd-test",
  "version": "1.0.0",
  "lockfileVersion": 1,
  "requires": true,
  "dependencies": {
    "@si14/si-application-events": {
      "version": "1.0.2",
      "resolved": "https://registry.npmjs.org/@si14/si-application-events/-/si-application-events-1.0.2.tgz",
      "integrity": "sha512-yb68LbDRZhYG/QcJneOj37i6GfVK3xU/Rt5Zn1XaTv7lf5Gf65/BfqtYg5QlZKYFZ8AaVI4S7ag26g5UZqKl0g=="
    },
    "@si14/si-atsamd-safeboot": {
      "version": "1.0.2",
      "resolved": "https://registry.npmjs.org/@si14/si-atsamd-safeboot/-/si-atsamd-safeboot-1.0.2.tgz",
      "integrity": "sha512-v80ySUJ+5uEz7aCkQnak7CC8AgSspwDJ3tbwce6wQz3Du9nUg2bOwjQicpXhIGM2jLaf4XpdQVvsacm2fV+9yw=="
    },
    "@si14/si-atsamd-usbd": {
      "version": "1.0.1",
      "resolved": "https://registry.npmjs.org/@si14/si-atsamd-usbd/-/si-atsamd-usbd-1.0.1.tgz",
      "integrity": "sha512-h5DWw7g1BTea+aqrJu5k37aepUckwO3d0ySTUO7kDiUghPVd0AC1hJhJNazRqBsqydcUVVjqSD2yqdh4WWi59A==",
      "requires": {
        "@si14/si-usbd": "^1.0.0"
      }
    },
    "@si14/si-atsamd11c14a": {
      "version": "2.0.4",
      "resolved": "https://registry.npmjs.org/@si14/si-atsamd11c14a/-/si-atsamd11c14a-2.0.4.tgz",
      "integrity": "sha512-7+EtXeaCnTvA4FkKnxoumC++Rvqt9vac+gTmouKWEs/l7ghzMxERxFlUf2NsQbfEYwSHhDGn8u2XSwsHTBnpEw=="
    },
    "@si14/si-generic-timer": {
      "version": "1.0.5",
      "resolved": "https://registry.npmjs.org/@si14/si-generic-timer/-/si-generic-timer-1.0.5.tgz",
      "integrity": "sha512-aBNfv8RBvulCZwHQ/pAJacSWPTQpkgZNOo4zklKLJGwXaE4iqGhQklfn56AtHAoGpJpGPjOOvoGsJI0b3UZKLA==",
      "requires": {
        "@si14/si-application-events": "^1.0.2"
      }
    },
    "@si14/si-systick-timer": {
      "version": "1.0.4",
      "resolved": "https://registry.npmjs.org/@si14/si-systick-timer/-/si-systick-timer-1.0.4.tgz",
      "integrity": "sha512-kXXl/MXFzdDX1Dt0ZalGmhQQERKidqk3+eP5iVzmAt4RY2/nZJCWYI4p/NE2SrCGn8O6ImctBssIL/njnAndzQ==",
      "requires": {
        "@si14/si-generic-timer": "^1.0.5"
      }
    },
    "@si14/si-usbd": {
      "version": "1.0.0",
      "resolved": "https://registry.npmjs.org/@si14/si-usbd/-/si-usbd-1.0.0.tgz",
      "integrity": "sha512-NX6wDMpBjP61NdqME6/CSFK190YUKuDgYCvSbQr/LnuUqBVVxfHZD0+3I1iorbtbQk8BngOtZRNPm8ptpFGWUw=="
    }
  }
}
